
Microsoft Visual Studio Solution File, Format Version 12.00
# Visual Studio Version 16
VisualStudioVersion = 16.0.31727.386
MinimumVisualStudioVersion = 10.0.40219.1
Project("{FAE04EC0-301F-11D3-BF4B-00C04F79EFBC}") = "EmployeeManagement", "EmployeeManagement\EmployeeManagement.csproj", "{5D82BE17-0EA0-4F13-AFF7-F768B41B7389}"
EndProject
Project("{FAE04EC0-301F-11D3-BF4B-00C04F79EFBC}") = "EmployeeManagement.Application", "EmployeeManagement.Application\EmployeeManagement.Application.csproj", "{4DCA5FF8-D4E6-43BF-8634-4275689144D2}"
EndProject
Project("{FAE04EC0-301F-11D3-BF4B-00C04F79EFBC}") = "EmployeeManagement.Domain", "EmployeeManagement.Domain\EmployeeManagement.Domain.csproj", "{1CA99DA5-DE27-4B28-92BE-3A9DB328620A}"
EndProject
Project("{FAE04EC0-301F-11D3-BF4B-00C04F79EFBC}") = "EmployeeManagement.Persistence", "EmployeeManagement.Persistence\EmployeeManagement.Persistence.csproj", "{3616AE61-2D6C-42CA-82F4-18D232C2C943}"
EndProject
Global
	GlobalSection(SolutionConfigurationPlatforms) = preSolution
		Debug|Any CPU = Debug|Any CPU
		Release|Any CPU = Release|Any CPU
	EndGlobalSection
	GlobalSection(ProjectConfigurationPlatforms) = postSolution
		{5D82BE17-0EA0-4F13-AFF7-F768B41B7389}.Debug|Any CPU.ActiveCfg = Debug|Any CPU
		{5D82BE17-0EA0-4F13-AFF7-F768B41B7389}.Debug|Any CPU.Build.0 = Debug|Any CPU
		{5D82BE17-0EA0-4F13-AFF7-F768B41B7389}.Release|Any CPU.ActiveCfg = Release|Any CPU
		{5D82BE17-0EA0-4F13-AFF7-F768B41B7389}.Release|Any CPU.Build.0 = Release|Any CPU
		{4DCA5FF8-D4E6-43BF-8634-4275689144D2}.Debug|Any CPU.ActiveCfg = Debug|Any CPU
		{4DCA5FF8-D4E6-43BF-8634-4275689144D2}.Debug|Any CPU.Build.0 = Debug|Any CPU
		{4DCA5FF8-D4E6-43BF-8634-4275689144D2}.Release|Any CPU.ActiveCfg = Release|Any CPU
		{4DCA5FF8-D4E6-43BF-8634-4275689144D2}.Release|Any CPU.Build.0 = Release|Any CPU
		{1CA99DA5-DE27-4B28-92BE-3A9DB328620A}.Debug|Any CPU.ActiveCfg = Debug|Any CPU
		{1CA99DA5-DE27-4B28-92BE-3A9DB328620A}.Debug|Any CPU.Build.0 = Debug|Any CPU
		{1CA99DA5-DE27-4B28-92BE-3A9DB328620A}.Release|Any CPU.ActiveCfg = Release|Any CPU
		{1CA99DA5-DE27-4B28-92BE-3A9DB328620A}.Release|Any CPU.Build.0 = Release|Any CPU
		{3616AE61-2D6C-42CA-82F4-18D232C2C943}.Debug|Any CPU.ActiveCfg = Debug|Any CPU
		{3616AE61-2D6C-42CA-82F4-18D232C2C943}.Debug|Any CPU.Build.0 = Debug|Any CPU
		{3616AE61-2D6C-42CA-82F4-18D232C2C943}.Release|Any CPU.ActiveCfg = Release|Any CPU
		{3616AE61-2D6C-42CA-82F4-18D232C2C943}.Release|Any CPU.Build.0 = Release|Any CPU
	EndGlobalSection
	GlobalSection(SolutionProperties) = preSolution
		HideSolutionNode = FALSE
	EndGlobalSection
	GlobalSection(ExtensibilityGlobals) = postSolution
		SolutionGuid = {88E7B5F1-EC90-4576-ACB4-4CDEB2E10BE4}
	EndGlobalSection
EndGlobal
